
Microsoft Visual Studio Solution File, Format Version 12.00
# Visual Studio Version 16
VisualStudioVersion = 16.0.29519.87
MinimumVisualStudioVersion = 10.0.40219.1
Project("{FAE04EC0-301F-11D3-BF4B-00C04F79EFBC}") = "MasterMind", "MasterMind\MasterMind.csproj", "{C66224FA-4773-4D9C-BF9A-F28A3154F440}"
EndProject
Project("{FAE04EC0-301F-11D3-BF4B-00C04F79EFBC}") = "MasterMindTests", "MasterMindTests\MasterMindTests.csproj", "{120F692B-6943-4E0A-890F-1C4C4D22771C}"
EndProject
Global
	GlobalSection(SolutionConfigurationPlatforms) = preSolution
		Debug|Any CPU = Debug|Any CPU
		Release|Any CPU = Release|Any CPU
	EndGlobalSection
	GlobalSection(ProjectConfigurationPlatforms) = postSolution
		{C66224FA-4773-4D9C-BF9A-F28A3154F440}.Debug|Any CPU.ActiveCfg = Debug|Any CPU
		{C66224FA-4773-4D9C-BF9A-F28A3154F440}.Debug|Any CPU.Build.0 = Debug|Any CPU
		{C66224FA-4773-4D9C-BF9A-F28A3154F440}.Release|Any CPU.ActiveCfg = Release|Any CPU
		{C66224FA-4773-4D9C-BF9A-F28A3154F440}.Release|Any CPU.Build.0 = Release|Any CPU
		{120F692B-6943-4E0A-890F-1C4C4D22771C}.Debug|Any CPU.ActiveCfg = Debug|Any CPU
		{120F692B-6943-4E0A-890F-1C4C4D22771C}.Debug|Any CPU.Build.0 = Debug|Any CPU
		{120F692B-6943-4E0A-890F-1C4C4D22771C}.Release|Any CPU.ActiveCfg = Release|Any CPU
		{120F692B-6943-4E0A-890F-1C4C4D22771C}.Release|Any CPU.Build.0 = Release|Any CPU
	EndGlobalSection
	GlobalSection(SolutionProperties) = preSolution
		HideSolutionNode = FALSE
	EndGlobalSection
	GlobalSection(ExtensibilityGlobals) = postSolution
		SolutionGuid = {8869BAE6-FB84-468B-BDBA-637ECBDA6729}
	EndGlobalSection
EndGlobal
